// !$*UTF8*$!
{
	archiveVersion = 1;
	classes = {
	};
	objectVersion = 56;
	objects = {

/* Begin PBXBuildFile section */
		BD39F6CB2CEB3FE700744DBE /* EmotionDetectionVC.swift in Sources */ = {isa = PBXBuildFile; fileRef = BD39F6CA2CEB3FE700744DBE /* EmotionDetectionVC.swift */; };
		BD55B3E62CEC9F37003F98D5 /* EditPhotoVC.swift in Sources */ = {isa = PBXBuildFile; fileRef = BD55B3E52CEC9F37003F98D5 /* EditPhotoVC.swift */; };
		BD55B3E82CECA3C8003F98D5 /* MobileNetV2.mlmodel in Sources */ = {isa = PBXBuildFile; fileRef = BD55B3E72CECA3C8003F98D5 /* MobileNetV2.mlmodel */; };
		BD696A522CE320C200617EE6 /* AppDelegate.swift in Sources */ = {isa = PBXBuildFile; fileRef = BD696A512CE320C200617EE6 /* AppDelegate.swift */; };
		BD696A542CE320C200617EE6 /* SceneDelegate.swift in Sources */ = {isa = PBXBuildFile; fileRef = BD696A532CE320C200617EE6 /* SceneDelegate.swift */; };
		BD696A562CE320C200617EE6 /* ViewController.swift in Sources */ = {isa = PBXBuildFile; fileRef = BD696A552CE320C200617EE6 /* ViewController.swift */; };
		BD696A592CE320C200617EE6 /* Base in Resources */ = {isa = PBXBuildFile; fileRef = BD696A582CE320C200617EE6 /* Base */; };
		BD696A5B2CE320C300617EE6 /* Assets.xcassets in Resources */ = {isa = PBXBuildFile; fileRef = BD696A5A2CE320C300617EE6 /* Assets.xcassets */; };
		BD696A5E2CE320C300617EE6 /* Base in Resources */ = {isa = PBXBuildFile; fileRef = BD696A5D2CE320C300617EE6 /* Base */; };
		BDB930C72CF06ABE002001D0 /* CropAreaView.xib in Resources */ = {isa = PBXBuildFile; fileRef = BDB930C62CF06ABE002001D0 /* CropAreaView.xib */; };
		BDB930C92CF06B6A002001D0 /* CropAreaView.swift in Sources */ = {isa = PBXBuildFile; fileRef = BDB930C82CF06B6A002001D0 /* CropAreaView.swift */; };
/* End PBXBuildFile section */

/* Begin PBXFileReference section */
		BD39F6CA2CEB3FE700744DBE /* EmotionDetectionVC.swift */ = {isa = PBXFileReference; lastKnownFileType = sourcecode.swift; path = EmotionDetectionVC.swift; sourceTree = "<group>"; };
		BD55B3E52CEC9F37003F98D5 /* EditPhotoVC.swift */ = {isa = PBXFileReference; lastKnownFileType = sourcecode.swift; path = EditPhotoVC.swift; sourceTree = "<group>"; };
		BD55B3E72CECA3C8003F98D5 /* MobileNetV2.mlmodel */ = {isa = PBXFileReference; lastKnownFileType = file.mlmodel; path = MobileNetV2.mlmodel; sourceTree = "<group>"; };
		BD696A4E2CE320C200617EE6 /* FingerPrintTrackingDemo.app */ = {isa = PBXFileReference; explicitFileType = wrapper.application; includeInIndex = 0; path = FingerPrintTrackingDemo.app; sourceTree = BUILT_PRODUCTS_DIR; };
		BD696A512CE320C200617EE6 /* AppDelegate.swift */ = {isa = PBXFileReference; lastKnownFileType = sourcecode.swift; path = AppDelegate.swift; sourceTree = "<group>"; };
		BD696A532CE320C200617EE6 /* SceneDelegate.swift */ = {isa = PBXFileReference; lastKnownFileType = sourcecode.swift; path = SceneDelegate.swift; sourceTree = "<group>"; };
		BD696A552CE320C200617EE6 /* ViewController.swift */ = {isa = PBXFileReference; lastKnownFileType = sourcecode.swift; path = ViewController.swift; sourceTree = "<group>"; };
		BD696A582CE320C200617EE6 /* Base */ = {isa = PBXFileReference; lastKnownFileType = file.storyboard; name = Base; path = Base.lproj/Main.storyboard; sourceTree = "<group>"; };
		BD696A5A2CE320C300617EE6 /* Assets.xcassets */ = {isa = PBXFileReference; lastKnownFileType = folder.assetcatalog; path = Assets.xcassets; sourceTree = "<group>"; };
		BD696A5D2CE320C300617EE6 /* Base */ = {isa = PBXFileReference; lastKnownFileType = file.storyboard; name = Base; path = Base.lproj/LaunchScreen.storyboard; sourceTree = "<group>"; };
		BD696A5F2CE320C300617EE6 /* Info.plist */ = {isa = PBXFileReference; lastKnownFileType = text.plist.xml; path = Info.plist; sourceTree = "<group>"; };
		BDB930C62CF06ABE002001D0 /* CropAreaView.xib */ = {isa = PBXFileReference; lastKnownFileType = file.xib; path = CropAreaView.xib; sourceTree = "<group>"; };
		BDB930C82CF06B6A002001D0 /* CropAreaView.swift */ = {isa = PBXFileReference; lastKnownFileType = sourcecode.swift; path = CropAreaView.swift; sourceTree = "<group>"; };
/* End PBXFileReference section */

/* Begin PBXFrameworksBuildPhase section */
		BD696A4B2CE320C200617EE6 /* Frameworks */ = {
			isa = PBXFrameworksBuildPhase;
			buildActionMask = 2147483647;
			files = (
			);
			runOnlyForDeploymentPostprocessing = 0;
		};
/* End PBXFrameworksBuildPhase section */

/* Begin PBXGroup section */
		BD696A452CE320C200617EE6 = {
			isa = PBXGroup;
			children = (
				BD696A502CE320C200617EE6 /* FingerPrintTrackingDemo */,
				BD696A4F2CE320C200617EE6 /* Products */,
			);
			sourceTree = "<group>";
		};
		BD696A4F2CE320C200617EE6 /* Products */ = {
			isa = PBXGroup;
			children = (
				BD696A4E2CE320C200617EE6 /* FingerPrintTrackingDemo.app */,
			);
			name = Products;
			sourceTree = "<group>";
		};
		BD696A502CE320C200617EE6 /* FingerPrintTrackingDemo */ = {
			isa = PBXGroup;
			children = (
				BD696A512CE320C200617EE6 /* AppDelegate.swift */,
				BD696A532CE320C200617EE6 /* SceneDelegate.swift */,
				BD696A552CE320C200617EE6 /* ViewController.swift */,
				BD39F6CA2CEB3FE700744DBE /* EmotionDetectionVC.swift */,
				BD55B3E52CEC9F37003F98D5 /* EditPhotoVC.swift */,
				BD696A572CE320C200617EE6 /* Main.storyboard */,
				BD696A5A2CE320C300617EE6 /* Assets.xcassets */,
				BD696A5C2CE320C300617EE6 /* LaunchScreen.storyboard */,
				BD696A5F2CE320C300617EE6 /* Info.plist */,
				BD55B3E72CECA3C8003F98D5 /* MobileNetV2.mlmodel */,
				BDB930C62CF06ABE002001D0 /* CropAreaView.xib */,
				BDB930C82CF06B6A002001D0 /* CropAreaView.swift */,
			);
			path = FingerPrintTrackingDemo;
			sourceTree = "<group>";
		};
/* End PBXGroup section */

/* Begin PBXNativeTarget section */
		BD696A4D2CE320C200617EE6 /* FingerPrintTrackingDemo */ = {
			isa = PBXNativeTarget;
			buildConfigurationList = BD696A622CE320C300617EE6 /* Build configuration list for PBXNativeTarget "FingerPrintTrackingDemo" */;
			buildPhases = (
				BD696A4A2CE320C200617EE6 /* Sources */,
				BD696A4B2CE320C200617EE6 /* Frameworks */,
				BD696A4C2CE320C200617EE6 /* Resources */,
			);
			buildRules = (
			);
			dependencies = (
			);
			name = FingerPrintTrackingDemo;
			productName = FingerPrintTrackingDemo;
			productReference = BD696A4E2CE320C200617EE6 /* FingerPrintTrackingDemo.app */;
			productType = "com.apple.product-type.application";
		};
/* End PBXNativeTarget section */

/* Begin PBXProject section */
		BD696A462CE320C200617EE6 /* Project object */ = {
			isa = PBXProject;
			attributes = {
				BuildIndependentTargetsInParallel = 1;
				LastSwiftUpdateCheck = 1530;
				LastUpgradeCheck = 1530;
				TargetAttributes = {
					BD696A4D2CE320C200617EE6 = {
						CreatedOnToolsVersion = 15.3;
					};
				};
			};
			buildConfigurationList = BD696A492CE320C200617EE6 /* Build configuration list for PBXProject "FingerPrintTrackingDemo" */;
			compatibilityVersion = "Xcode 14.0";
			developmentRegion = en;
			hasScannedForEncodings = 0;
			knownRegions = (
				en,
				Base,
			);
			mainGroup = BD696A452CE320C200617EE6;
			productRefGroup = BD696A4F2CE320C200617EE6 /* Products */;
			projectDirPath = "";
			projectRoot = "";
			targets = (
				BD696A4D2CE320C200617EE6 /* FingerPrintTrackingDemo */,
			);
		};
/* End PBXProject section */

/* Begin PBXResourcesBuildPhase section */
		BD696A4C2CE320C200617EE6 /* Resources */ = {
			isa = PBXResourcesBuildPhase;
			buildActionMask = 2147483647;
			files = (
				BD696A5B2CE320C300617EE6 /* Assets.xcassets in Resources */,
				BDB930C72CF06ABE002001D0 /* CropAreaView.xib in Resources */,
				BD696A5E2CE320C300617EE6 /* Base in Resources */,
				BD696A592CE320C200617EE6 /* Base in Resources */,
			);
			runOnlyForDeploymentPostprocessing = 0;
		};
/* End PBXResourcesBuildPhase section */

/* Begin PBXSourcesBuildPhase section */
		BD696A4A2CE320C200617EE6 /* Sources */ = {
			isa = PBXSourcesBuildPhase;
			buildActionMask = 2147483647;
			files = (
				BD55B3E82CECA3C8003F98D5 /* MobileNetV2.mlmodel in Sources */,
				BD55B3E62CEC9F37003F98D5 /* EditPhotoVC.swift in Sources */,
				BD696A562CE320C200617EE6 /* ViewController.swift in Sources */,
				BD696A522CE320C200617EE6 /* AppDelegate.swift in Sources */,
				BDB930C92CF06B6A002001D0 /* CropAreaView.swift in Sources */,
				BD39F6CB2CEB3FE700744DBE /* EmotionDetectionVC.swift in Sources */,
				BD696A542CE320C200617EE6 /* SceneDelegate.swift in Sources */,
			);
			runOnlyForDeploymentPostprocessing = 0;
		};
/* End PBXSourcesBuildPhase section */

/* Begin PBXVariantGroup section */
		BD696A572CE320C200617EE6 /* Main.storyboard */ = {
			isa = PBXVariantGroup;
			children = (
				BD696A582CE320C200617EE6 /* Base */,
			);
			name = Main.storyboard;
			sourceTree = "<group>";
		};
		BD696A5C2CE320C300617EE6 /* LaunchScreen.storyboard */ = {
			isa = PBXVariantGroup;
			children = (
				BD696A5D2CE320C300617EE6 /* Base */,
			);
			name = LaunchScreen.storyboard;
			sourceTree = "<group>";
		};
/* End PBXVariantGroup section */

/* Begin XCBuildConfiguration section */
		BD696A602CE320C300617EE6 /* Debug */ = {
			isa = XCBuildConfiguration;
			buildSettings = {
				ALWAYS_SEARCH_USER_PATHS = NO;
				ASSETCATALOG_COMPILER_GENERATE_SWIFT_ASSET_SYMBOL_EXTENSIONS = YES;
				CLANG_ANALYZER_NONNULL = YES;
				CLANG_ANALYZER_NUMBER_OBJECT_CONVERSION = YES_AGGRESSIVE;
				CLANG_CXX_LANGUAGE_STANDARD = "gnu++20";
				CLANG_ENABLE_MODULES = YES;
				CLANG_ENABLE_OBJC_ARC = YES;
				CLANG_ENABLE_OBJC_WEAK = YES;
				CLANG_WARN_BLOCK_CAPTURE_AUTORELEASING = YES;
				CLANG_WARN_BOOL_CONVERSION = YES;
				CLANG_WARN_COMMA = YES;
				CLANG_WARN_CONSTANT_CONVERSION = YES;
				CLANG_WARN_DEPRECATED_OBJC_IMPLEMENTATIONS = YES;
				CLANG_WARN_DIRECT_OBJC_ISA_USAGE = YES_ERROR;
				CLANG_WARN_DOCUMENTATION_COMMENTS = YES;
				CLANG_WARN_EMPTY_BODY = YES;
				CLANG_WARN_ENUM_CONVERSION = YES;
				CLANG_WARN_INFINITE_RECURSION = YES;
				CLANG_WARN_INT_CONVERSION = YES;
				CLANG_WARN_NON_LITERAL_NULL_CONVERSION = YES;
				CLANG_WARN_OBJC_IMPLICIT_RETAIN_SELF = YES;
				CLANG_WARN_OBJC_LITERAL_CONVERSION = YES;
				CLANG_WARN_OBJC_ROOT_CLASS = YES_ERROR;
				CLANG_WARN_QUOTED_INCLUDE_IN_FRAMEWORK_HEADER = YES;
				CLANG_WARN_RANGE_LOOP_ANALYSIS = YES;
				CLANG_WARN_STRICT_PROTOTYPES = YES;
				CLANG_WARN_SUSPICIOUS_MOVE = YES;
				CLANG_WARN_UNGUARDED_AVAILABILITY = YES_AGGRESSIVE;
				CLANG_WARN_UNREACHABLE_CODE = YES;
				CLANG_WARN__DUPLICATE_METHOD_MATCH = YES;
				COPY_PHASE_STRIP = NO;
				DEBUG_INFORMATION_FORMAT = dwarf;
				ENABLE_STRICT_OBJC_MSGSEND = YES;
				ENABLE_TESTABILITY = YES;
				ENABLE_USER_SCRIPT_SANDBOXING = YES;
				GCC_C_LANGUAGE_STANDARD = gnu17;
				GCC_DYNAMIC_NO_PIC = NO;
				GCC_NO_COMMON_BLOCKS = YES;
				GCC_OPTIMIZATION_LEVEL = 0;
				GCC_PREPROCESSOR_DEFINITIONS = (
					"DEBUG=1",
					"$(inherited)",
				);
				GCC_WARN_64_TO_32_BIT_CONVERSION = YES;
				GCC_WARN_ABOUT_RETURN_TYPE = YES_ERROR;
				GCC_WARN_UNDECLARED_SELECTOR = YES;
				GCC_WARN_UNINITIALIZED_AUTOS = YES_AGGRESSIVE;
				GCC_WARN_UNUSED_FUNCTION = YES;
				GCC_WARN_UNUSED_VARIABLE = YES;
				IPHONEOS_DEPLOYMENT_TARGET = 17.4;
				LOCALIZATION_PREFERS_STRING_CATALOGS = YES;
				MTL_ENABLE_DEBUG_INFO = INCLUDE_SOURCE;
				MTL_FAST_MATH = YES;
				ONLY_ACTIVE_ARCH = YES;
				SDKROOT = iphoneos;
				SWIFT_ACTIVE_COMPILATION_CONDITIONS = "DEBUG $(inherited)";
				SWIFT_OPTIMIZATION_LEVEL = "-Onone";
			};
			name = Debug;
		};
		BD696A612CE320C300617EE6 /* Release */ = {
			isa = XCBuildConfiguration;
			buildSettings = {
				ALWAYS_SEARCH_USER_PATHS = NO;
				ASSETCATALOG_COMPILER_GENERATE_SWIFT_ASSET_SYMBOL_EXTENSIONS = YES;
				CLANG_ANALYZER_NONNULL = YES;
				CLANG_ANALYZER_NUMBER_OBJECT_CONVERSION = YES_AGGRESSIVE;
				CLANG_CXX_LANGUAGE_STANDARD = "gnu++20";
				CLANG_ENABLE_MODULES = YES;
				CLANG_ENABLE_OBJC_ARC = YES;
				CLANG_ENABLE_OBJC_WEAK = YES;
				CLANG_WARN_BLOCK_CAPTURE_AUTORELEASING = YES;
				CLANG_WARN_BOOL_CONVERSION = YES;
				CLANG_WARN_COMMA = YES;
				CLANG_WARN_CONSTANT_CONVERSION = YES;
				CLANG_WARN_DEPRECATED_OBJC_IMPLEMENTATIONS = YES;
				CLANG_WARN_DIRECT_OBJC_ISA_USAGE = YES_ERROR;
				CLANG_WARN_DOCUMENTATION_COMMENTS = YES;
				CLANG_WARN_EMPTY_BODY = YES;
				CLANG_WARN_ENUM_CONVERSION = YES;
				CLANG_WARN_INFINITE_RECURSION = YES;
				CLANG_WARN_INT_CONVERSION = YES;
				CLANG_WARN_NON_LITERAL_NULL_CONVERSION = YES;
				CLANG_WARN_OBJC_IMPLICIT_RETAIN_SELF = YES;
				CLANG_WARN_OBJC_LITERAL_CONVERSION = YES;
				CLANG_WARN_OBJC_ROOT_CLASS = YES_ERROR;
				CLANG_WARN_QUOTED_INCLUDE_IN_FRAMEWORK_HEADER = YES;
				CLANG_WARN_RANGE_LOOP_ANALYSIS = YES;
				CLANG_WARN_STRICT_PROTOTYPES = YES;
				CLANG_WARN_SUSPICIOUS_MOVE = YES;
				CLANG_WARN_UNGUARDED_AVAILABILITY = YES_AGGRESSIVE;
				CLANG_WARN_UNREACHABLE_CODE = YES;
				CLANG_WARN__DUPLICATE_METHOD_MATCH = YES;
				COPY_PHASE_STRIP = NO;
				DEBUG_INFORMATION_FORMAT = "dwarf-with-dsym";
				ENABLE_NS_ASSERTIONS = NO;
				ENABLE_STRICT_OBJC_MSGSEND = YES;
				ENABLE_USER_SCRIPT_SANDBOXING = YES;
				GCC_C_LANGUAGE_STANDARD = gnu17;
				GCC_NO_COMMON_BLOCKS = YES;
				GCC_WARN_64_TO_32_BIT_CONVERSION = YES;
				GCC_WARN_ABOUT_RETURN_TYPE = YES_ERROR;
				GCC_WARN_UNDECLARED_SELECTOR = YES;
				GCC_WARN_UNINITIALIZED_AUTOS = YES_AGGRESSIVE;
				GCC_WARN_UNUSED_FUNCTION = YES;
				GCC_WARN_UNUSED_VARIABLE = YES;
				IPHONEOS_DEPLOYMENT_TARGET = 17.4;
				LOCALIZATION_PREFERS_STRING_CATALOGS = YES;
				MTL_ENABLE_DEBUG_INFO = NO;
				MTL_FAST_MATH = YES;
				SDKROOT = iphoneos;
				SWIFT_COMPILATION_MODE = wholemodule;
				VALIDATE_PRODUCT = YES;
			};
			name = Release;
		};
		BD696A632CE320C300617EE6 /* Debug */ = {
			isa = XCBuildConfiguration;
			buildSettings = {
				ASSETCATALOG_COMPILER_APPICON_NAME = AppIcon;
				ASSETCATALOG_COMPILER_GLOBAL_ACCENT_COLOR_NAME = AccentColor;
				"CODE_SIGN_IDENTITY[sdk=iphoneos*]" = "iPhone Developer";
				CODE_SIGN_STYLE = Manual;
				CURRENT_PROJECT_VERSION = 1;
				DEVELOPMENT_TEAM = "";
				"DEVELOPMENT_TEAM[sdk=iphoneos*]" = 56PZ3UK93T;
				GENERATE_INFOPLIST_FILE = YES;
				INFOPLIST_FILE = FingerPrintTrackingDemo/Info.plist;
				INFOPLIST_KEY_NSCameraUsageDescription = "We need camera access to track hand movements.";
				INFOPLIST_KEY_UIApplicationSupportsIndirectInputEvents = YES;
				INFOPLIST_KEY_UILaunchStoryboardName = LaunchScreen;
				INFOPLIST_KEY_UIMainStoryboardFile = Main;
				INFOPLIST_KEY_UISupportedInterfaceOrientations_iPad = "UIInterfaceOrientationPortrait UIInterfaceOrientationPortraitUpsideDown UIInterfaceOrientationLandscapeLeft UIInterfaceOrientationLandscapeRight";
				INFOPLIST_KEY_UISupportedInterfaceOrientations_iPhone = "UIInterfaceOrientationPortrait UIInterfaceOrientationLandscapeLeft UIInterfaceOrientationLandscapeRight";
				IPHONEOS_DEPLOYMENT_TARGET = 17.0;
				LD_RUNPATH_SEARCH_PATHS = (
					"$(inherited)",
					"@executable_path/Frameworks",
				);
				MARKETING_VERSION = 1.0;
				PRODUCT_BUNDLE_IDENTIFIER = com.app.pocketcoach;
				PRODUCT_NAME = "$(TARGET_NAME)";
				PROVISIONING_PROFILE_SPECIFIER = "";
				"PROVISIONING_PROFILE_SPECIFIER[sdk=iphoneos*]" = pocketcoach_dev;
				SWIFT_EMIT_LOC_STRINGS = YES;
				SWIFT_VERSION = 5.0;
				TARGETED_DEVICE_FAMILY = "1,2";
			};
			name = Debug;
		};
		BD696A642CE320C300617EE6 /* Release */ = {
			isa = XCBuildConfiguration;
			buildSettings = {
				ASSETCATALOG_COMPILER_APPICON_NAME = AppIcon;
				ASSETCATALOG_COMPILER_GLOBAL_ACCENT_COLOR_NAME = AccentColor;
				"CODE_SIGN_IDENTITY[sdk=iphoneos*]" = "iPhone Developer";
				CODE_SIGN_STYLE = Manual;
				CURRENT_PROJECT_VERSION = 1;
				DEVELOPMENT_TEAM = "";
				"DEVELOPMENT_TEAM[sdk=iphoneos*]" = 56PZ3UK93T;
				GENERATE_INFOPLIST_FILE = YES;
				INFOPLIST_FILE = FingerPrintTrackingDemo/Info.plist;
				INFOPLIST_KEY_NSCameraUsageDescription = "We need camera access to track hand movements.";
				INFOPLIST_KEY_UIApplicationSupportsIndirectInputEvents = YES;
				INFOPLIST_KEY_UILaunchStoryboardName = LaunchScreen;
				INFOPLIST_KEY_UIMainStoryboardFile = Main;
				INFOPLIST_KEY_UISupportedInterfaceOrientations_iPad = "UIInterfaceOrientationPortrait UIInterfaceOrientationPortraitUpsideDown UIInterfaceOrientationLandscapeLeft UIInterfaceOrientationLandscapeRight";
				INFOPLIST_KEY_UISupportedInterfaceOrientations_iPhone = "UIInterfaceOrientationPortrait UIInterfaceOrientationLandscapeLeft UIInterfaceOrientationLandscapeRight";
				IPHONEOS_DEPLOYMENT_TARGET = 17.0;
				LD_RUNPATH_SEARCH_PATHS = (
					"$(inherited)",
					"@executable_path/Frameworks",
				);
				MARKETING_VERSION = 1.0;
				PRODUCT_BUNDLE_IDENTIFIER = com.app.pocketcoach;
				PRODUCT_NAME = "$(TARGET_NAME)";
				PROVISIONING_PROFILE_SPECIFIER = "";
				"PROVISIONING_PROFILE_SPECIFIER[sdk=iphoneos*]" = pocketcoach_dev;
				SWIFT_EMIT_LOC_STRINGS = YES;
				SWIFT_VERSION = 5.0;
				TARGETED_DEVICE_FAMILY = "1,2";
			};
			name = Release;
		};
/* End XCBuildConfiguration section */

/* Begin XCConfigurationList section */
		BD696A492CE320C200617EE6 /* Build configuration list for PBXProject "FingerPrintTrackingDemo" */ = {
			isa = XCConfigurationList;
			buildConfigurations = (
				BD696A602CE320C300617EE6 /* Debug */,
				BD696A612CE320C300617EE6 /* Release */,
			);
			defaultConfigurationIsVisible = 0;
			defaultConfigurationName = Release;
		};
		BD696A622CE320C300617EE6 /* Build configuration list for PBXNativeTarget "FingerPrintTrackingDemo" */ = {
			isa = XCConfigurationList;
			buildConfigurations = (
				BD696A632CE320C300617EE6 /* Debug */,
				BD696A642CE320C300617EE6 /* Release */,
			);
			defaultConfigurationIsVisible = 0;
			defaultConfigurationName = Release;
		};
/* End XCConfigurationList section */
	};
	rootObject = BD696A462CE320C200617EE6 /* Project object */;
}
